
Microsoft Visual Studio Solution File, Format Version 12.00
# Visual Studio 2012
Project("{FAE04EC0-301F-11D3-BF4B-00C04F79EFBC}") = "TodoListWebApp", "TodoListWebApp\TodoListWebApp.csproj", "{4C1D89C6-F3B9-4010-943F-9621FD95950B}"
EndProject
Global
	GlobalSection(SolutionConfigurationPlatforms) = preSolution
		Debug|Any CPU = Debug|Any CPU
		Release|Any CPU = Release|Any CPU
	EndGlobalSection
	GlobalSection(ProjectConfigurationPlatforms) = postSolution
		{4C1D89C6-F3B9-4010-943F-9621FD95950B}.Debug|Any CPU.ActiveCfg = Debug|Any CPU
		{4C1D89C6-F3B9-4010-943F-9621FD95950B}.Debug|Any CPU.Build.0 = Debug|Any CPU
		{4C1D89C6-F3B9-4010-943F-9621FD95950B}.Release|Any CPU.ActiveCfg = Release|Any CPU
		{4C1D89C6-F3B9-4010-943F-9621FD95950B}.Release|Any CPU.Build.0 = Release|Any CPU
	EndGlobalSection
	GlobalSection(MonoDevelopProperties) = preSolution
		StartupItem = TodoListWebApp\TodoListWebApp.csproj
	EndGlobalSection
EndGlobal
